
Microsoft Visual Studio Solution File, Format Version 11.00
# Visual Studio 2010
Project("{FAE04EC0-301F-11D3-BF4B-00C04F79EFBC}") = "comp521_a1", "Assembly-CSharp-firstpass.csproj", "{66B7D98F-974C-DA48-A6A9-B4E56E8ED052}"
EndProject
Project("{FAE04EC0-301F-11D3-BF4B-00C04F79EFBC}") = "comp521_a1", "Assembly-CSharp.csproj", "{D576B035-53E1-C05D-1E88-569418723960}"
EndProject
Project("{FAE04EC0-301F-11D3-BF4B-00C04F79EFBC}") = "comp521_a1", "Assembly-CSharp-Editor-firstpass.csproj", "{6E8A4AE7-DCC2-6A0D-86A2-9C7898F85D22}"
EndProject
Global
	GlobalSection(SolutionConfigurationPlatforms) = preSolution
		Debug|Any CPU = Debug|Any CPU
		Release|Any CPU = Release|Any CPU
	EndGlobalSection
	GlobalSection(ProjectConfigurationPlatforms) = postSolution
		{66B7D98F-974C-DA48-A6A9-B4E56E8ED052}.Debug|Any CPU.ActiveCfg = Debug|Any CPU
		{66B7D98F-974C-DA48-A6A9-B4E56E8ED052}.Debug|Any CPU.Build.0 = Debug|Any CPU
		{66B7D98F-974C-DA48-A6A9-B4E56E8ED052}.Release|Any CPU.ActiveCfg = Release|Any CPU
		{66B7D98F-974C-DA48-A6A9-B4E56E8ED052}.Release|Any CPU.Build.0 = Release|Any CPU
		{D576B035-53E1-C05D-1E88-569418723960}.Debug|Any CPU.ActiveCfg = Debug|Any CPU
		{D576B035-53E1-C05D-1E88-569418723960}.Debug|Any CPU.Build.0 = Debug|Any CPU
		{D576B035-53E1-C05D-1E88-569418723960}.Release|Any CPU.ActiveCfg = Release|Any CPU
		{D576B035-53E1-C05D-1E88-569418723960}.Release|Any CPU.Build.0 = Release|Any CPU
		{6E8A4AE7-DCC2-6A0D-86A2-9C7898F85D22}.Debug|Any CPU.ActiveCfg = Debug|Any CPU
		{6E8A4AE7-DCC2-6A0D-86A2-9C7898F85D22}.Debug|Any CPU.Build.0 = Debug|Any CPU
		{6E8A4AE7-DCC2-6A0D-86A2-9C7898F85D22}.Release|Any CPU.ActiveCfg = Release|Any CPU
		{6E8A4AE7-DCC2-6A0D-86A2-9C7898F85D22}.Release|Any CPU.Build.0 = Release|Any CPU
	EndGlobalSection
	GlobalSection(SolutionProperties) = preSolution
		HideSolutionNode = FALSE
	EndGlobalSection
	GlobalSection(MonoDevelopProperties) = preSolution
		StartupItem = Assembly-CSharp.csproj
	EndGlobalSection
EndGlobal
